// !$*UTF8*$!
{
	archiveVersion = 1;
	classes = {
	};
	objectVersion = 51;
	objects = {

/* Begin PBXBuildFile section */
		8385A37788DDC6B51B6BC27F /* Pods_Demo.framework in Frameworks */ = {isa = PBXBuildFile; fileRef = BD617B61D618601AA96B46A5 /* Pods_Demo.framework */; };
		B607C9BD249C4C35001B8041 /* AppDelegate.m in Sources */ = {isa = PBXBuildFile; fileRef = B607C9BC249C4C35001B8041 /* AppDelegate.m */; };
		B607C9C6249C4C35001B8041 /* Main.storyboard in Resources */ = {isa = PBXBuildFile; fileRef = B607C9C4249C4C35001B8041 /* Main.storyboard */; };
		B607C9C8249C4C37001B8041 /* Assets.xcassets in Resources */ = {isa = PBXBuildFile; fileRef = B607C9C7249C4C37001B8041 /* Assets.xcassets */; };
		B607C9CB249C4C37001B8041 /* LaunchScreen.storyboard in Resources */ = {isa = PBXBuildFile; fileRef = B607C9C9249C4C37001B8041 /* LaunchScreen.storyboard */; };
		B607C9CE249C4C37001B8041 /* main.m in Sources */ = {isa = PBXBuildFile; fileRef = B607C9CD249C4C37001B8041 /* main.m */; };
		B6EF14CB24EB6462006BAD56 /* HomeController.m in Sources */ = {isa = PBXBuildFile; fileRef = B6EF14CA24EB6462006BAD56 /* HomeController.m */; };
		B6EF14D224EB6722006BAD56 /* ToolView.m in Sources */ = {isa = PBXBuildFile; fileRef = B6EF14D124EB6722006BAD56 /* ToolView.m */; };
		B6EF14D524EB748D006BAD56 /* 2.jpg in Resources */ = {isa = PBXBuildFile; fileRef = B6EF14D324EB748D006BAD56 /* 2.jpg */; };
		B6EF14D624EB748D006BAD56 /* 1.jpg in Resources */ = {isa = PBXBuildFile; fileRef = B6EF14D424EB748D006BAD56 /* 1.jpg */; };
		B6EF14D924EBA7CD006BAD56 /* ZLAttributeEditTextView.m in Sources */ = {isa = PBXBuildFile; fileRef = B6EF14D824EBA7CD006BAD56 /* ZLAttributeEditTextView.m */; };
		B6EF14DC24EBBB7E006BAD56 /* ZLEditView.m in Sources */ = {isa = PBXBuildFile; fileRef = B6EF14DB24EBBB7E006BAD56 /* ZLEditView.m */; };
/* End PBXBuildFile section */

/* Begin PBXFileReference section */
		2ED86F782D8526BF3E796E64 /* Pods-Demo.release.xcconfig */ = {isa = PBXFileReference; includeInIndex = 1; lastKnownFileType = text.xcconfig; name = "Pods-Demo.release.xcconfig"; path = "Target Support Files/Pods-Demo/Pods-Demo.release.xcconfig"; sourceTree = "<group>"; };
		B607C9B8249C4C35001B8041 /* Demo.app */ = {isa = PBXFileReference; explicitFileType = wrapper.application; includeInIndex = 0; path = Demo.app; sourceTree = BUILT_PRODUCTS_DIR; };
		B607C9BB249C4C35001B8041 /* AppDelegate.h */ = {isa = PBXFileReference; lastKnownFileType = sourcecode.c.h; path = AppDelegate.h; sourceTree = "<group>"; };
		B607C9BC249C4C35001B8041 /* AppDelegate.m */ = {isa = PBXFileReference; lastKnownFileType = sourcecode.c.objc; path = AppDelegate.m; sourceTree = "<group>"; };
		B607C9C5249C4C35001B8041 /* Base */ = {isa = PBXFileReference; lastKnownFileType = file.storyboard; name = Base; path = Base.lproj/Main.storyboard; sourceTree = "<group>"; };
		B607C9C7249C4C37001B8041 /* Assets.xcassets */ = {isa = PBXFileReference; lastKnownFileType = folder.assetcatalog; path = Assets.xcassets; sourceTree = "<group>"; };
		B607C9CA249C4C37001B8041 /* Base */ = {isa = PBXFileReference; lastKnownFileType = file.storyboard; name = Base; path = Base.lproj/LaunchScreen.storyboard; sourceTree = "<group>"; };
		B607C9CC249C4C37001B8041 /* Info.plist */ = {isa = PBXFileReference; lastKnownFileType = text.plist.xml; path = Info.plist; sourceTree = "<group>"; };
		B607C9CD249C4C37001B8041 /* main.m */ = {isa = PBXFileReference; lastKnownFileType = sourcecode.c.objc; path = main.m; sourceTree = "<group>"; };
		B6EF14C924EB6462006BAD56 /* HomeController.h */ = {isa = PBXFileReference; lastKnownFileType = sourcecode.c.h; path = HomeController.h; sourceTree = "<group>"; };
		B6EF14CA24EB6462006BAD56 /* HomeController.m */ = {isa = PBXFileReference; lastKnownFileType = sourcecode.c.objc; path = HomeController.m; sourceTree = "<group>"; };
		B6EF14D024EB6722006BAD56 /* ToolView.h */ = {isa = PBXFileReference; lastKnownFileType = sourcecode.c.h; path = ToolView.h; sourceTree = "<group>"; };
		B6EF14D124EB6722006BAD56 /* ToolView.m */ = {isa = PBXFileReference; lastKnownFileType = sourcecode.c.objc; path = ToolView.m; sourceTree = "<group>"; };
		B6EF14D324EB748D006BAD56 /* 2.jpg */ = {isa = PBXFileReference; lastKnownFileType = image.jpeg; path = 2.jpg; sourceTree = "<group>"; };
		B6EF14D424EB748D006BAD56 /* 1.jpg */ = {isa = PBXFileReference; lastKnownFileType = image.jpeg; path = 1.jpg; sourceTree = "<group>"; };
		B6EF14D724EBA7CD006BAD56 /* ZLAttributeEditTextView.h */ = {isa = PBXFileReference; lastKnownFileType = sourcecode.c.h; path = ZLAttributeEditTextView.h; sourceTree = "<group>"; };
		B6EF14D824EBA7CD006BAD56 /* ZLAttributeEditTextView.m */ = {isa = PBXFileReference; lastKnownFileType = sourcecode.c.objc; path = ZLAttributeEditTextView.m; sourceTree = "<group>"; };
		B6EF14DA24EBBB7E006BAD56 /* ZLEditView.h */ = {isa = PBXFileReference; lastKnownFileType = sourcecode.c.h; path = ZLEditView.h; sourceTree = "<group>"; };
		B6EF14DB24EBBB7E006BAD56 /* ZLEditView.m */ = {isa = PBXFileReference; lastKnownFileType = sourcecode.c.objc; path = ZLEditView.m; sourceTree = "<group>"; };
		BD617B61D618601AA96B46A5 /* Pods_Demo.framework */ = {isa = PBXFileReference; explicitFileType = wrapper.framework; includeInIndex = 0; path = Pods_Demo.framework; sourceTree = BUILT_PRODUCTS_DIR; };
		E580B428F45939B1C4AAB6B2 /* Pods-Demo.debug.xcconfig */ = {isa = PBXFileReference; includeInIndex = 1; lastKnownFileType = text.xcconfig; name = "Pods-Demo.debug.xcconfig"; path = "Target Support Files/Pods-Demo/Pods-Demo.debug.xcconfig"; sourceTree = "<group>"; };
/* End PBXFileReference section */

/* Begin PBXFrameworksBuildPhase section */
		B607C9B5249C4C35001B8041 /* Frameworks */ = {
			isa = PBXFrameworksBuildPhase;
			buildActionMask = 2147483647;
			files = (
				8385A37788DDC6B51B6BC27F /* Pods_Demo.framework in Frameworks */,
			);
			runOnlyForDeploymentPostprocessing = 0;
		};
/* End PBXFrameworksBuildPhase section */

/* Begin PBXGroup section */
		0C474D6EF3B78158BACFCB07 /* Pods */ = {
			isa = PBXGroup;
			children = (
				E580B428F45939B1C4AAB6B2 /* Pods-Demo.debug.xcconfig */,
				2ED86F782D8526BF3E796E64 /* Pods-Demo.release.xcconfig */,
			);
			path = Pods;
			sourceTree = "<group>";
		};
		B607C9AF249C4C35001B8041 = {
			isa = PBXGroup;
			children = (
				B607C9BA249C4C35001B8041 /* Demo */,
				B607C9B9249C4C35001B8041 /* Products */,
				0C474D6EF3B78158BACFCB07 /* Pods */,
				F418B2BECC26A3A6735D6493 /* Frameworks */,
			);
			sourceTree = "<group>";
		};
		B607C9B9249C4C35001B8041 /* Products */ = {
			isa = PBXGroup;
			children = (
				B607C9B8249C4C35001B8041 /* Demo.app */,
			);
			name = Products;
			sourceTree = "<group>";
		};
		B607C9BA249C4C35001B8041 /* Demo */ = {
			isa = PBXGroup;
			children = (
				B607C9BB249C4C35001B8041 /* AppDelegate.h */,
				B607C9BC249C4C35001B8041 /* AppDelegate.m */,
				B6EF14CC24EB66BD006BAD56 /* Editor */,
				B607C9C4249C4C35001B8041 /* Main.storyboard */,
				B607C9C7249C4C37001B8041 /* Assets.xcassets */,
				B607C9C9249C4C37001B8041 /* LaunchScreen.storyboard */,
				B607C9CC249C4C37001B8041 /* Info.plist */,
				B607C9CD249C4C37001B8041 /* main.m */,
			);
			path = Demo;
			sourceTree = "<group>";
		};
		B6EF14CC24EB66BD006BAD56 /* Editor */ = {
			isa = PBXGroup;
			children = (
				B6EF14CD24EB66BD006BAD56 /* controller */,
				B6EF14CE24EB66BD006BAD56 /* model */,
				B6EF14CF24EB66BD006BAD56 /* view */,
			);
			path = Editor;
			sourceTree = "<group>";
		};
		B6EF14CD24EB66BD006BAD56 /* controller */ = {
			isa = PBXGroup;
			children = (
				B6EF14C924EB6462006BAD56 /* HomeController.h */,
				B6EF14CA24EB6462006BAD56 /* HomeController.m */,
			);
			path = controller;
			sourceTree = "<group>";
		};
		B6EF14CE24EB66BD006BAD56 /* model */ = {
			isa = PBXGroup;
			children = (
			);
			path = model;
			sourceTree = "<group>";
		};
		B6EF14CF24EB66BD006BAD56 /* view */ = {
			isa = PBXGroup;
			children = (
				B6EF14D424EB748D006BAD56 /* 1.jpg */,
				B6EF14D324EB748D006BAD56 /* 2.jpg */,
				B6EF14DA24EBBB7E006BAD56 /* ZLEditView.h */,
				B6EF14DB24EBBB7E006BAD56 /* ZLEditView.m */,
				B6EF14D024EB6722006BAD56 /* ToolView.h */,
				B6EF14D124EB6722006BAD56 /* ToolView.m */,
				B6EF14D724EBA7CD006BAD56 /* ZLAttributeEditTextView.h */,
				B6EF14D824EBA7CD006BAD56 /* ZLAttributeEditTextView.m */,
			);
			path = view;
			sourceTree = "<group>";
		};
		F418B2BECC26A3A6735D6493 /* Frameworks */ = {
			isa = PBXGroup;
			children = (
				BD617B61D618601AA96B46A5 /* Pods_Demo.framework */,
			);
			name = Frameworks;
			sourceTree = "<group>";
		};
/* End PBXGroup section */

/* Begin PBXNativeTarget section */
		B607C9B7249C4C35001B8041 /* Demo */ = {
			isa = PBXNativeTarget;
			buildConfigurationList = B607C9D1249C4C37001B8041 /* Build configuration list for PBXNativeTarget "Demo" */;
			buildPhases = (
				456B9B28086090F21F56BF56 /* [CP] Check Pods Manifest.lock */,
				B607C9B4249C4C35001B8041 /* Sources */,
				B607C9B5249C4C35001B8041 /* Frameworks */,
				B607C9B6249C4C35001B8041 /* Resources */,
				2C83EAC50E49109BDD04C056 /* [CP] Embed Pods Frameworks */,
			);
			buildRules = (
			);
			dependencies = (
			);
			name = Demo;
			productName = Demo;
			productReference = B607C9B8249C4C35001B8041 /* Demo.app */;
			productType = "com.apple.product-type.application";
		};
/* End PBXNativeTarget section */

/* Begin PBXProject section */
		B607C9B0249C4C35001B8041 /* Project object */ = {
			isa = PBXProject;
			attributes = {
				LastUpgradeCheck = 1150;
				ORGANIZATIONNAME = Zl;
				TargetAttributes = {
					B607C9B7249C4C35001B8041 = {
						CreatedOnToolsVersion = 11.5;
					};
				};
			};
			buildConfigurationList = B607C9B3249C4C35001B8041 /* Build configuration list for PBXProject "Demo" */;
			compatibilityVersion = "Xcode 9.3";
			developmentRegion = en;
			hasScannedForEncodings = 0;
			knownRegions = (
				en,
				Base,
			);
			mainGroup = B607C9AF249C4C35001B8041;
			productRefGroup = B607C9B9249C4C35001B8041 /* Products */;
			projectDirPath = "";
			projectRoot = "";
			targets = (
				B607C9B7249C4C35001B8041 /* Demo */,
			);
		};
/* End PBXProject section */

/* Begin PBXResourcesBuildPhase section */
		B607C9B6249C4C35001B8041 /* Resources */ = {
			isa = PBXResourcesBuildPhase;
			buildActionMask = 2147483647;
			files = (
				B607C9CB249C4C37001B8041 /* LaunchScreen.storyboard in Resources */,
				B607C9C8249C4C37001B8041 /* Assets.xcassets in Resources */,
				B6EF14D524EB748D006BAD56 /* 2.jpg in Resources */,
				B607C9C6249C4C35001B8041 /* Main.storyboard in Resources */,
				B6EF14D624EB748D006BAD56 /* 1.jpg in Resources */,
			);
			runOnlyForDeploymentPostprocessing = 0;
		};
/* End PBXResourcesBuildPhase section */

/* Begin PBXShellScriptBuildPhase section */
		2C83EAC50E49109BDD04C056 /* [CP] Embed Pods Frameworks */ = {
			isa = PBXShellScriptBuildPhase;
			buildActionMask = 2147483647;
			files = (
			);
			inputFileListPaths = (
				"${PODS_ROOT}/Target Support Files/Pods-Demo/Pods-Demo-frameworks-${CONFIGURATION}-input-files.xcfilelist",
			);
			name = "[CP] Embed Pods Frameworks";
			outputFileListPaths = (
				"${PODS_ROOT}/Target Support Files/Pods-Demo/Pods-Demo-frameworks-${CONFIGURATION}-output-files.xcfilelist",
			);
			runOnlyForDeploymentPostprocessing = 0;
			shellPath = /bin/sh;
			shellScript = "\"${PODS_ROOT}/Target Support Files/Pods-Demo/Pods-Demo-frameworks.sh\"\n";
			showEnvVarsInLog = 0;
		};
		456B9B28086090F21F56BF56 /* [CP] Check Pods Manifest.lock */ = {
			isa = PBXShellScriptBuildPhase;
			buildActionMask = 2147483647;
			files = (
			);
			inputFileListPaths = (
			);
			inputPaths = (
				"${PODS_PODFILE_DIR_PATH}/Podfile.lock",
				"${PODS_ROOT}/Manifest.lock",
			);
			name = "[CP] Check Pods Manifest.lock";
			outputFileListPaths = (
			);
			outputPaths = (
				"$(DERIVED_FILE_DIR)/Pods-Demo-checkManifestLockResult.txt",
			);
			runOnlyForDeploymentPostprocessing = 0;
			shellPath = /bin/sh;
			shellScript = "diff \"${PODS_PODFILE_DIR_PATH}/Podfile.lock\" \"${PODS_ROOT}/Manifest.lock\" > /dev/null\nif [ $? != 0 ] ; then\n    # print error to STDERR\n    echo \"error: The sandbox is not in sync with the Podfile.lock. Run 'pod install' or update your CocoaPods installation.\" >&2\n    exit 1\nfi\n# This output is used by Xcode 'outputs' to avoid re-running this script phase.\necho \"SUCCESS\" > \"${SCRIPT_OUTPUT_FILE_0}\"\n";
			showEnvVarsInLog = 0;
		};
/* End PBXShellScriptBuildPhase section */

/* Begin PBXSourcesBuildPhase section */
		B607C9B4249C4C35001B8041 /* Sources */ = {
			isa = PBXSourcesBuildPhase;
			buildActionMask = 2147483647;
			files = (
				B6EF14CB24EB6462006BAD56 /* HomeController.m in Sources */,
				B607C9BD249C4C35001B8041 /* AppDelegate.m in Sources */,
				B6EF14DC24EBBB7E006BAD56 /* ZLEditView.m in Sources */,
				B6EF14D224EB6722006BAD56 /* ToolView.m in Sources */,
				B607C9CE249C4C37001B8041 /* main.m in Sources */,
				B6EF14D924EBA7CD006BAD56 /* ZLAttributeEditTextView.m in Sources */,
			);
			runOnlyForDeploymentPostprocessing = 0;
		};
/* End PBXSourcesBuildPhase section */

/* Begin PBXVariantGroup section */
		B607C9C4249C4C35001B8041 /* Main.storyboard */ = {
			isa = PBXVariantGroup;
			children = (
				B607C9C5249C4C35001B8041 /* Base */,
			);
			name = Main.storyboard;
			sourceTree = "<group>";
		};
		B607C9C9249C4C37001B8041 /* LaunchScreen.storyboard */ = {
			isa = PBXVariantGroup;
			children = (
				B607C9CA249C4C37001B8041 /* Base */,
			);
			name = LaunchScreen.storyboard;
			sourceTree = "<group>";
		};
/* End PBXVariantGroup section */

/* Begin XCBuildConfiguration section */
		B607C9CF249C4C37001B8041 /* Debug */ = {
			isa = XCBuildConfiguration;
			buildSettings = {
				ALWAYS_SEARCH_USER_PATHS = NO;
				CLANG_ANALYZER_NONNULL = YES;
				CLANG_ANALYZER_NUMBER_OBJECT_CONVERSION = YES_AGGRESSIVE;
				CLANG_CXX_LANGUAGE_STANDARD = "gnu++14";
				CLANG_CXX_LIBRARY = "libc++";
				CLANG_ENABLE_MODULES = YES;
				CLANG_ENABLE_OBJC_ARC = YES;
				CLANG_ENABLE_OBJC_WEAK = YES;
				CLANG_WARN_BLOCK_CAPTURE_AUTORELEASING = YES;
				CLANG_WARN_BOOL_CONVERSION = YES;
				CLANG_WARN_COMMA = YES;
				CLANG_WARN_CONSTANT_CONVERSION = YES;
				CLANG_WARN_DEPRECATED_OBJC_IMPLEMENTATIONS = YES;
				CLANG_WARN_DIRECT_OBJC_ISA_USAGE = YES_ERROR;
				CLANG_WARN_DOCUMENTATION_COMMENTS = YES;
				CLANG_WARN_EMPTY_BODY = YES;
				CLANG_WARN_ENUM_CONVERSION = YES;
				CLANG_WARN_INFINITE_RECURSION = YES;
				CLANG_WARN_INT_CONVERSION = YES;
				CLANG_WARN_NON_LITERAL_NULL_CONVERSION = YES;
				CLANG_WARN_OBJC_IMPLICIT_RETAIN_SELF = YES;
				CLANG_WARN_OBJC_LITERAL_CONVERSION = YES;
				CLANG_WARN_OBJC_ROOT_CLASS = YES_ERROR;
				CLANG_WARN_RANGE_LOOP_ANALYSIS = YES;
				CLANG_WARN_STRICT_PROTOTYPES = YES;
				CLANG_WARN_SUSPICIOUS_MOVE = YES;
				CLANG_WARN_UNGUARDED_AVAILABILITY = YES_AGGRESSIVE;
				CLANG_WARN_UNREACHABLE_CODE = YES;
				CLANG_WARN__DUPLICATE_METHOD_MATCH = YES;
				COPY_PHASE_STRIP = NO;
				DEBUG_INFORMATION_FORMAT = dwarf;
				ENABLE_STRICT_OBJC_MSGSEND = YES;
				ENABLE_TESTABILITY = YES;
				GCC_C_LANGUAGE_STANDARD = gnu11;
				GCC_DYNAMIC_NO_PIC = NO;
				GCC_NO_COMMON_BLOCKS = YES;
				GCC_OPTIMIZATION_LEVEL = 0;
				GCC_PREPROCESSOR_DEFINITIONS = (
					"DEBUG=1",
					"$(inherited)",
				);
				GCC_WARN_64_TO_32_BIT_CONVERSION = YES;
				GCC_WARN_ABOUT_RETURN_TYPE = YES_ERROR;
				GCC_WARN_UNDECLARED_SELECTOR = YES;
				GCC_WARN_UNINITIALIZED_AUTOS = YES_AGGRESSIVE;
				GCC_WARN_UNUSED_FUNCTION = YES;
				GCC_WARN_UNUSED_VARIABLE = YES;
				IPHONEOS_DEPLOYMENT_TARGET = 13.5;
				MTL_ENABLE_DEBUG_INFO = INCLUDE_SOURCE;
				MTL_FAST_MATH = YES;
				ONLY_ACTIVE_ARCH = YES;
				SDKROOT = iphoneos;
			};
			name = Debug;
		};
		B607C9D0249C4C37001B8041 /* Release */ = {
			isa = XCBuildConfiguration;
			buildSettings = {
				ALWAYS_SEARCH_USER_PATHS = NO;
				CLANG_ANALYZER_NONNULL = YES;
				CLANG_ANALYZER_NUMBER_OBJECT_CONVERSION = YES_AGGRESSIVE;
				CLANG_CXX_LANGUAGE_STANDARD = "gnu++14";
				CLANG_CXX_LIBRARY = "libc++";
				CLANG_ENABLE_MODULES = YES;
				CLANG_ENABLE_OBJC_ARC = YES;
				CLANG_ENABLE_OBJC_WEAK = YES;
				CLANG_WARN_BLOCK_CAPTURE_AUTORELEASING = YES;
				CLANG_WARN_BOOL_CONVERSION = YES;
				CLANG_WARN_COMMA = YES;
				CLANG_WARN_CONSTANT_CONVERSION = YES;
				CLANG_WARN_DEPRECATED_OBJC_IMPLEMENTATIONS = YES;
				CLANG_WARN_DIRECT_OBJC_ISA_USAGE = YES_ERROR;
				CLANG_WARN_DOCUMENTATION_COMMENTS = YES;
				CLANG_WARN_EMPTY_BODY = YES;
				CLANG_WARN_ENUM_CONVERSION = YES;
				CLANG_WARN_INFINITE_RECURSION = YES;
				CLANG_WARN_INT_CONVERSION = YES;
				CLANG_WARN_NON_LITERAL_NULL_CONVERSION = YES;
				CLANG_WARN_OBJC_IMPLICIT_RETAIN_SELF = YES;
				CLANG_WARN_OBJC_LITERAL_CONVERSION = YES;
				CLANG_WARN_OBJC_ROOT_CLASS = YES_ERROR;
				CLANG_WARN_RANGE_LOOP_ANALYSIS = YES;
				CLANG_WARN_STRICT_PROTOTYPES = YES;
				CLANG_WARN_SUSPICIOUS_MOVE = YES;
				CLANG_WARN_UNGUARDED_AVAILABILITY = YES_AGGRESSIVE;
				CLANG_WARN_UNREACHABLE_CODE = YES;
				CLANG_WARN__DUPLICATE_METHOD_MATCH = YES;
				COPY_PHASE_STRIP = NO;
				DEBUG_INFORMATION_FORMAT = "dwarf-with-dsym";
				ENABLE_NS_ASSERTIONS = NO;
				ENABLE_STRICT_OBJC_MSGSEND = YES;
				GCC_C_LANGUAGE_STANDARD = gnu11;
				GCC_NO_COMMON_BLOCKS = YES;
				GCC_WARN_64_TO_32_BIT_CONVERSION = YES;
				GCC_WARN_ABOUT_RETURN_TYPE = YES_ERROR;
				GCC_WARN_UNDECLARED_SELECTOR = YES;
				GCC_WARN_UNINITIALIZED_AUTOS = YES_AGGRESSIVE;
				GCC_WARN_UNUSED_FUNCTION = YES;
				GCC_WARN_UNUSED_VARIABLE = YES;
				IPHONEOS_DEPLOYMENT_TARGET = 13.5;
				MTL_ENABLE_DEBUG_INFO = NO;
				MTL_FAST_MATH = YES;
				SDKROOT = iphoneos;
				VALIDATE_PRODUCT = YES;
			};
			name = Release;
		};
		B607C9D2249C4C37001B8041 /* Debug */ = {
			isa = XCBuildConfiguration;
			baseConfigurationReference = E580B428F45939B1C4AAB6B2 /* Pods-Demo.debug.xcconfig */;
			buildSettings = {
				ASSETCATALOG_COMPILER_APPICON_NAME = AppIcon;
				CODE_SIGN_STYLE = Automatic;
				DEVELOPMENT_TEAM = QFQBYCQC8N;
				INFOPLIST_FILE = Demo/Info.plist;
				IPHONEOS_DEPLOYMENT_TARGET = 9.0;
				LD_RUNPATH_SEARCH_PATHS = (
					"$(inherited)",
					"@executable_path/Frameworks",
				);
				PRODUCT_BUNDLE_IDENTIFIER = com.Demo;
				PRODUCT_NAME = "$(TARGET_NAME)";
				TARGETED_DEVICE_FAMILY = "1,2";
			};
			name = Debug;
		};
		B607C9D3249C4C37001B8041 /* Release */ = {
			isa = XCBuildConfiguration;
			baseConfigurationReference = 2ED86F782D8526BF3E796E64 /* Pods-Demo.release.xcconfig */;
			buildSettings = {
				ASSETCATALOG_COMPILER_APPICON_NAME = AppIcon;
				CODE_SIGN_STYLE = Automatic;
				DEVELOPMENT_TEAM = QFQBYCQC8N;
				INFOPLIST_FILE = Demo/Info.plist;
				IPHONEOS_DEPLOYMENT_TARGET = 9.0;
				LD_RUNPATH_SEARCH_PATHS = (
					"$(inherited)",
					"@executable_path/Frameworks",
				);
				PRODUCT_BUNDLE_IDENTIFIER = com.Demo;
				PRODUCT_NAME = "$(TARGET_NAME)";
				TARGETED_DEVICE_FAMILY = "1,2";
			};
			name = Release;
		};
/* End XCBuildConfiguration section */

/* Begin XCConfigurationList section */
		B607C9B3249C4C35001B8041 /* Build configuration list for PBXProject "Demo" */ = {
			isa = XCConfigurationList;
			buildConfigurations = (
				B607C9CF249C4C37001B8041 /* Debug */,
				B607C9D0249C4C37001B8041 /* Release */,
			);
			defaultConfigurationIsVisible = 0;
			defaultConfigurationName = Release;
		};
		B607C9D1249C4C37001B8041 /* Build configuration list for PBXNativeTarget "Demo" */ = {
			isa = XCConfigurationList;
			buildConfigurations = (
				B607C9D2249C4C37001B8041 /* Debug */,
				B607C9D3249C4C37001B8041 /* Release */,
			);
			defaultConfigurationIsVisible = 0;
			defaultConfigurationName = Release;
		};
/* End XCConfigurationList section */
	};
	rootObject = B607C9B0249C4C35001B8041 /* Project object */;
}
